
Microsoft Visual Studio Solution File, Format Version 12.00
# Visual Studio Version 16
VisualStudioVersion = 16.0.29806.167
MinimumVisualStudioVersion = 10.0.40219.1
Project("{FAE04EC0-301F-11D3-BF4B-00C04F79EFBC}") = "Cwiczenia2_apbd", "Cwiczenia2_apbd\Cwiczenia2_apbd.csproj", "{5DC94433-EF18-45EE-BD04-E0ADCA3D9464}"
EndProject
Global
	GlobalSection(SolutionConfigurationPlatforms) = preSolution
		Debug|Any CPU = Debug|Any CPU
		Release|Any CPU = Release|Any CPU
	EndGlobalSection
	GlobalSection(ProjectConfigurationPlatforms) = postSolution
		{5DC94433-EF18-45EE-BD04-E0ADCA3D9464}.Debug|Any CPU.ActiveCfg = Debug|Any CPU
		{5DC94433-EF18-45EE-BD04-E0ADCA3D9464}.Debug|Any CPU.Build.0 = Debug|Any CPU
		{5DC94433-EF18-45EE-BD04-E0ADCA3D9464}.Release|Any CPU.ActiveCfg = Release|Any CPU
		{5DC94433-EF18-45EE-BD04-E0ADCA3D9464}.Release|Any CPU.Build.0 = Release|Any CPU
	EndGlobalSection
	GlobalSection(SolutionProperties) = preSolution
		HideSolutionNode = FALSE
	EndGlobalSection
	GlobalSection(ExtensibilityGlobals) = postSolution
		SolutionGuid = {3328E177-8664-4D9E-A4BD-C7E560D7CC93}
	EndGlobalSection
EndGlobal
